
Microsoft Visual Studio Solution File, Format Version 12.00
# Visual Studio Version 17
VisualStudioVersion = 17.0.31903.59
MinimumVisualStudioVersion = 10.0.40219.1
Project("{FAE04EC0-301F-11D3-BF4B-00C04F79EFBC}") = "GhosttySharp", "src\GhosttySharp\GhosttySharp.csproj", "{A1B2C3D4-E5F6-7890-ABCD-EF1234567890}"
EndProject
Project("{FAE04EC0-301F-11D3-BF4B-00C04F79EFBC}") = "GhosttySharp.Avalonia", "src\GhosttySharp.Avalonia\GhosttySharp.Avalonia.csproj", "{B2C3D4E5-F6A7-8901-BCDE-F12345678901}"
EndProject
Project("{2150E333-8FDC-42A3-9474-1A3956D46DE8}") = "samples", "samples", "{5D20AA90-6969-D8BD-9DCD-8634F4692FDA}"
EndProject
Project("{FAE04EC0-301F-11D3-BF4B-00C04F79EFBC}") = "GhosttySharp.Demo", "samples\GhosttySharp.Demo\GhosttySharp.Demo.csproj", "{0E6EAC46-879B-4BF3-A498-F1DAD588B03E}"
EndProject
Project("{2150E333-8FDC-42A3-9474-1A3956D46DE8}") = "tests", "tests", "{0AB3BF05-4346-4AA6-1389-037BE0695223}"
EndProject
Project("{FAE04EC0-301F-11D3-BF4B-00C04F79EFBC}") = "GhosttySharp.Tests", "tests\GhosttySharp.Tests\GhosttySharp.Tests.csproj", "{69A07176-2696-4AC9-AAB8-83B604711FE8}"
EndProject
Project("{FAE04EC0-301F-11D3-BF4B-00C04F79EFBC}") = "GhosttySharp.IntegrationTests", "tests\GhosttySharp.IntegrationTests\GhosttySharp.IntegrationTests.csproj", "{B72B7424-86E2-47F5-BB7C-4BE53901ABC4}"
EndProject
Project("{2150E333-8FDC-42A3-9474-1A3956D46DE8}") = "src", "src", "{827E0CD3-B72D-47B6-A68D-7590B98EB39B}"
EndProject
Project("{FAE04EC0-301F-11D3-BF4B-00C04F79EFBC}") = "GhosttySharp.Native.OSX", "src\GhosttySharp.Native.OSX\GhosttySharp.Native.OSX.csproj", "{B5DADD0C-8142-4CF7-AB53-3431A45D8500}"
EndProject
Project("{FAE04EC0-301F-11D3-BF4B-00C04F79EFBC}") = "GhosttySharp.Native.Win64", "src\GhosttySharp.Native.Win64\GhosttySharp.Native.Win64.csproj", "{AC59D0C5-5988-4368-834A-1FFFB93F681F}"
EndProject
Project("{FAE04EC0-301F-11D3-BF4B-00C04F79EFBC}") = "GhosttySharp.Native.Linux64", "src\GhosttySharp.Native.Linux64\GhosttySharp.Native.Linux64.csproj", "{1CADCFBA-6C97-47DB-9456-D6E45D7DAA1C}"
EndProject
Global
	GlobalSection(SolutionConfigurationPlatforms) = preSolution
		Debug|Any CPU = Debug|Any CPU
		Debug|x64 = Debug|x64
		Debug|x86 = Debug|x86
		Release|Any CPU = Release|Any CPU
		Release|x64 = Release|x64
		Release|x86 = Release|x86
	EndGlobalSection
	GlobalSection(ProjectConfigurationPlatforms) = postSolution
		{A1B2C3D4-E5F6-7890-ABCD-EF1234567890}.Debug|Any CPU.ActiveCfg = Debug|Any CPU
		{A1B2C3D4-E5F6-7890-ABCD-EF1234567890}.Debug|Any CPU.Build.0 = Debug|Any CPU
		{A1B2C3D4-E5F6-7890-ABCD-EF1234567890}.Debug|x64.ActiveCfg = Debug|Any CPU
		{A1B2C3D4-E5F6-7890-ABCD-EF1234567890}.Debug|x64.Build.0 = Debug|Any CPU
		{A1B2C3D4-E5F6-7890-ABCD-EF1234567890}.Debug|x86.ActiveCfg = Debug|Any CPU
		{A1B2C3D4-E5F6-7890-ABCD-EF1234567890}.Debug|x86.Build.0 = Debug|Any CPU
		{A1B2C3D4-E5F6-7890-ABCD-EF1234567890}.Release|Any CPU.ActiveCfg = Release|Any CPU
		{A1B2C3D4-E5F6-7890-ABCD-EF1234567890}.Release|Any CPU.Build.0 = Release|Any CPU
		{A1B2C3D4-E5F6-7890-ABCD-EF1234567890}.Release|x64.ActiveCfg = Release|Any CPU
		{A1B2C3D4-E5F6-7890-ABCD-EF1234567890}.Release|x64.Build.0 = Release|Any CPU
		{A1B2C3D4-E5F6-7890-ABCD-EF1234567890}.Release|x86.ActiveCfg = Release|Any CPU
		{A1B2C3D4-E5F6-7890-ABCD-EF1234567890}.Release|x86.Build.0 = Release|Any CPU
		{B2C3D4E5-F6A7-8901-BCDE-F12345678901}.Debug|Any CPU.ActiveCfg = Debug|Any CPU
		{B2C3D4E5-F6A7-8901-BCDE-F12345678901}.Debug|Any CPU.Build.0 = Debug|Any CPU
		{B2C3D4E5-F6A7-8901-BCDE-F12345678901}.Debug|x64.ActiveCfg = Debug|Any CPU
		{B2C3D4E5-F6A7-8901-BCDE-F12345678901}.Debug|x64.Build.0 = Debug|Any CPU
		{B2C3D4E5-F6A7-8901-BCDE-F12345678901}.Debug|x86.ActiveCfg = Debug|Any CPU
		{B2C3D4E5-F6A7-8901-BCDE-F12345678901}.Debug|x86.Build.0 = Debug|Any CPU
		{B2C3D4E5-F6A7-8901-BCDE-F12345678901}.Release|Any CPU.ActiveCfg = Release|Any CPU
		{B2C3D4E5-F6A7-8901-BCDE-F12345678901}.Release|Any CPU.Build.0 = Release|Any CPU
		{B2C3D4E5-F6A7-8901-BCDE-F12345678901}.Release|x64.ActiveCfg = Release|Any CPU
		{B2C3D4E5-F6A7-8901-BCDE-F12345678901}.Release|x64.Build.0 = Release|Any CPU
		{B2C3D4E5-F6A7-8901-BCDE-F12345678901}.Release|x86.ActiveCfg = Release|Any CPU
		{B2C3D4E5-F6A7-8901-BCDE-F12345678901}.Release|x86.Build.0 = Release|Any CPU
		{0E6EAC46-879B-4BF3-A498-F1DAD588B03E}.Debug|Any CPU.ActiveCfg = Debug|Any CPU
		{0E6EAC46-879B-4BF3-A498-F1DAD588B03E}.Debug|Any CPU.Build.0 = Debug|Any CPU
		{0E6EAC46-879B-4BF3-A498-F1DAD588B03E}.Debug|x64.ActiveCfg = Debug|Any CPU
		{0E6EAC46-879B-4BF3-A498-F1DAD588B03E}.Debug|x64.Build.0 = Debug|Any CPU
		{0E6EAC46-879B-4BF3-A498-F1DAD588B03E}.Debug|x86.ActiveCfg = Debug|Any CPU
		{0E6EAC46-879B-4BF3-A498-F1DAD588B03E}.Debug|x86.Build.0 = Debug|Any CPU
		{0E6EAC46-879B-4BF3-A498-F1DAD588B03E}.Release|Any CPU.ActiveCfg = Release|Any CPU
		{0E6EAC46-879B-4BF3-A498-F1DAD588B03E}.Release|Any CPU.Build.0 = Release|Any CPU
		{0E6EAC46-879B-4BF3-A498-F1DAD588B03E}.Release|x64.ActiveCfg = Release|Any CPU
		{0E6EAC46-879B-4BF3-A498-F1DAD588B03E}.Release|x64.Build.0 = Release|Any CPU
		{0E6EAC46-879B-4BF3-A498-F1DAD588B03E}.Release|x86.ActiveCfg = Release|Any CPU
		{0E6EAC46-879B-4BF3-A498-F1DAD588B03E}.Release|x86.Build.0 = Release|Any CPU
		{69A07176-2696-4AC9-AAB8-83B604711FE8}.Debug|Any CPU.ActiveCfg = Debug|Any CPU
		{69A07176-2696-4AC9-AAB8-83B604711FE8}.Debug|Any CPU.Build.0 = Debug|Any CPU
		{69A07176-2696-4AC9-AAB8-83B604711FE8}.Debug|x64.ActiveCfg = Debug|Any CPU
		{69A07176-2696-4AC9-AAB8-83B604711FE8}.Debug|x64.Build.0 = Debug|Any CPU
		{69A07176-2696-4AC9-AAB8-83B604711FE8}.Debug|x86.ActiveCfg = Debug|Any CPU
		{69A07176-2696-4AC9-AAB8-83B604711FE8}.Debug|x86.Build.0 = Debug|Any CPU
		{69A07176-2696-4AC9-AAB8-83B604711FE8}.Release|Any CPU.ActiveCfg = Release|Any CPU
		{69A07176-2696-4AC9-AAB8-83B604711FE8}.Release|Any CPU.Build.0 = Release|Any CPU
		{69A07176-2696-4AC9-AAB8-83B604711FE8}.Release|x64.ActiveCfg = Release|Any CPU
		{69A07176-2696-4AC9-AAB8-83B604711FE8}.Release|x64.Build.0 = Release|Any CPU
		{69A07176-2696-4AC9-AAB8-83B604711FE8}.Release|x86.ActiveCfg = Release|Any CPU
		{69A07176-2696-4AC9-AAB8-83B604711FE8}.Release|x86.Build.0 = Release|Any CPU
		{B72B7424-86E2-47F5-BB7C-4BE53901ABC4}.Debug|Any CPU.ActiveCfg = Debug|Any CPU
		{B72B7424-86E2-47F5-BB7C-4BE53901ABC4}.Debug|Any CPU.Build.0 = Debug|Any CPU
		{B72B7424-86E2-47F5-BB7C-4BE53901ABC4}.Debug|x64.ActiveCfg = Debug|Any CPU
		{B72B7424-86E2-47F5-BB7C-4BE53901ABC4}.Debug|x64.Build.0 = Debug|Any CPU
		{B72B7424-86E2-47F5-BB7C-4BE53901ABC4}.Debug|x86.ActiveCfg = Debug|Any CPU
		{B72B7424-86E2-47F5-BB7C-4BE53901ABC4}.Debug|x86.Build.0 = Debug|Any CPU
		{B72B7424-86E2-47F5-BB7C-4BE53901ABC4}.Release|Any CPU.ActiveCfg = Release|Any CPU
		{B72B7424-86E2-47F5-BB7C-4BE53901ABC4}.Release|Any CPU.Build.0 = Release|Any CPU
		{B72B7424-86E2-47F5-BB7C-4BE53901ABC4}.Release|x64.ActiveCfg = Release|Any CPU
		{B72B7424-86E2-47F5-BB7C-4BE53901ABC4}.Release|x64.Build.0 = Release|Any CPU
		{B72B7424-86E2-47F5-BB7C-4BE53901ABC4}.Release|x86.ActiveCfg = Release|Any CPU
		{B72B7424-86E2-47F5-BB7C-4BE53901ABC4}.Release|x86.Build.0 = Release|Any CPU
		{B5DADD0C-8142-4CF7-AB53-3431A45D8500}.Debug|Any CPU.ActiveCfg = Debug|Any CPU
		{B5DADD0C-8142-4CF7-AB53-3431A45D8500}.Debug|Any CPU.Build.0 = Debug|Any CPU
		{B5DADD0C-8142-4CF7-AB53-3431A45D8500}.Debug|x64.ActiveCfg = Debug|Any CPU
		{B5DADD0C-8142-4CF7-AB53-3431A45D8500}.Debug|x64.Build.0 = Debug|Any CPU
		{B5DADD0C-8142-4CF7-AB53-3431A45D8500}.Debug|x86.ActiveCfg = Debug|Any CPU
		{B5DADD0C-8142-4CF7-AB53-3431A45D8500}.Debug|x86.Build.0 = Debug|Any CPU
		{B5DADD0C-8142-4CF7-AB53-3431A45D8500}.Release|Any CPU.ActiveCfg = Release|Any CPU
		{B5DADD0C-8142-4CF7-AB53-3431A45D8500}.Release|Any CPU.Build.0 = Release|Any CPU
		{B5DADD0C-8142-4CF7-AB53-3431A45D8500}.Release|x64.ActiveCfg = Release|Any CPU
		{B5DADD0C-8142-4CF7-AB53-3431A45D8500}.Release|x64.Build.0 = Release|Any CPU
		{B5DADD0C-8142-4CF7-AB53-3431A45D8500}.Release|x86.ActiveCfg = Release|Any CPU
		{B5DADD0C-8142-4CF7-AB53-3431A45D8500}.Release|x86.Build.0 = Release|Any CPU
		{AC59D0C5-5988-4368-834A-1FFFB93F681F}.Debug|Any CPU.ActiveCfg = Debug|Any CPU
		{AC59D0C5-5988-4368-834A-1FFFB93F681F}.Debug|Any CPU.Build.0 = Debug|Any CPU
		{AC59D0C5-5988-4368-834A-1FFFB93F681F}.Debug|x64.ActiveCfg = Debug|Any CPU
		{AC59D0C5-5988-4368-834A-1FFFB93F681F}.Debug|x64.Build.0 = Debug|Any CPU
		{AC59D0C5-5988-4368-834A-1FFFB93F681F}.Debug|x86.ActiveCfg = Debug|Any CPU
		{AC59D0C5-5988-4368-834A-1FFFB93F681F}.Debug|x86.Build.0 = Debug|Any CPU
		{AC59D0C5-5988-4368-834A-1FFFB93F681F}.Release|Any CPU.ActiveCfg = Release|Any CPU
		{AC59D0C5-5988-4368-834A-1FFFB93F681F}.Release|Any CPU.Build.0 = Release|Any CPU
		{AC59D0C5-5988-4368-834A-1FFFB93F681F}.Release|x64.ActiveCfg = Release|Any CPU
		{AC59D0C5-5988-4368-834A-1FFFB93F681F}.Release|x64.Build.0 = Release|Any CPU
		{AC59D0C5-5988-4368-834A-1FFFB93F681F}.Release|x86.ActiveCfg = Release|Any CPU
		{AC59D0C5-5988-4368-834A-1FFFB93F681F}.Release|x86.Build.0 = Release|Any CPU
		{1CADCFBA-6C97-47DB-9456-D6E45D7DAA1C}.Debug|Any CPU.ActiveCfg = Debug|Any CPU
		{1CADCFBA-6C97-47DB-9456-D6E45D7DAA1C}.Debug|Any CPU.Build.0 = Debug|Any CPU
		{1CADCFBA-6C97-47DB-9456-D6E45D7DAA1C}.Debug|x64.ActiveCfg = Debug|Any CPU
		{1CADCFBA-6C97-47DB-9456-D6E45D7DAA1C}.Debug|x64.Build.0 = Debug|Any CPU
		{1CADCFBA-6C97-47DB-9456-D6E45D7DAA1C}.Debug|x86.ActiveCfg = Debug|Any CPU
		{1CADCFBA-6C97-47DB-9456-D6E45D7DAA1C}.Debug|x86.Build.0 = Debug|Any CPU
		{1CADCFBA-6C97-47DB-9456-D6E45D7DAA1C}.Release|Any CPU.ActiveCfg = Release|Any CPU
		{1CADCFBA-6C97-47DB-9456-D6E45D7DAA1C}.Release|Any CPU.Build.0 = Release|Any CPU
		{1CADCFBA-6C97-47DB-9456-D6E45D7DAA1C}.Release|x64.ActiveCfg = Release|Any CPU
		{1CADCFBA-6C97-47DB-9456-D6E45D7DAA1C}.Release|x64.Build.0 = Release|Any CPU
		{1CADCFBA-6C97-47DB-9456-D6E45D7DAA1C}.Release|x86.ActiveCfg = Release|Any CPU
		{1CADCFBA-6C97-47DB-9456-D6E45D7DAA1C}.Release|x86.Build.0 = Release|Any CPU
	EndGlobalSection
	GlobalSection(SolutionProperties) = preSolution
		HideSolutionNode = FALSE
	EndGlobalSection
	GlobalSection(NestedProjects) = preSolution
		{0E6EAC46-879B-4BF3-A498-F1DAD588B03E} = {5D20AA90-6969-D8BD-9DCD-8634F4692FDA}
		{69A07176-2696-4AC9-AAB8-83B604711FE8} = {0AB3BF05-4346-4AA6-1389-037BE0695223}
		{B72B7424-86E2-47F5-BB7C-4BE53901ABC4} = {0AB3BF05-4346-4AA6-1389-037BE0695223}
		{B5DADD0C-8142-4CF7-AB53-3431A45D8500} = {827E0CD3-B72D-47B6-A68D-7590B98EB39B}
		{AC59D0C5-5988-4368-834A-1FFFB93F681F} = {827E0CD3-B72D-47B6-A68D-7590B98EB39B}
		{1CADCFBA-6C97-47DB-9456-D6E45D7DAA1C} = {827E0CD3-B72D-47B6-A68D-7590B98EB39B}
	EndGlobalSection
EndGlobal
