
Microsoft Visual Studio Solution File, Format Version 12.00
# Visual Studio Version 17
VisualStudioVersion = 17.0.31903.59
MinimumVisualStudioVersion = 10.0.40219.1
Project("{FAE04EC0-301F-11D3-BF4B-00C04F79EFBC}") = "GhosttySharp", "src\GhosttySharp\GhosttySharp.csproj", "{A1B2C3D4-E5F6-7890-ABCD-EF1234567890}"
EndProject
Project("{FAE04EC0-301F-11D3-BF4B-00C04F79EFBC}") = "GhosttySharp.Avalonia", "src\GhosttySharp.Avalonia\GhosttySharp.Avalonia.csproj", "{B2C3D4E5-F6A7-8901-BCDE-F12345678901}"
EndProject
Project("{2150E333-8FDC-42A3-9474-1A3956D46DE8}") = "samples", "samples", "{5D20AA90-6969-D8BD-9DCD-8634F4692FDA}"
EndProject
Project("{FAE04EC0-301F-11D3-BF4B-00C04F79EFBC}") = "GhosttySharp.Demo", "samples\GhosttySharp.Demo\GhosttySharp.Demo.csproj", "{0E6EAC46-879B-4BF3-A498-F1DAD588B03E}"
EndProject
Project("{2150E333-8FDC-42A3-9474-1A3956D46DE8}") = "tests", "tests", "{0AB3BF05-4346-4AA6-1389-037BE0695223}"
EndProject
Project("{FAE04EC0-301F-11D3-BF4B-00C04F79EFBC}") = "GhosttySharp.Tests", "tests\GhosttySharp.Tests\GhosttySharp.Tests.csproj", "{69A07176-2696-4AC9-AAB8-83B604711FE8}"
EndProject
Project("{FAE04EC0-301F-11D3-BF4B-00C04F79EFBC}") = "GhosttySharp.IntegrationTests", "tests\GhosttySharp.IntegrationTests\GhosttySharp.IntegrationTests.csproj", "{B72B7424-86E2-47F5-BB7C-4BE53901ABC4}"
EndProject
Project("{2150E333-8FDC-42A3-9474-1A3956D46DE8}") = "src", "src", "{827E0CD3-B72D-47B6-A68D-7590B98EB39B}"
EndProject
Project("{FAE04EC0-301F-11D3-BF4B-00C04F79EFBC}") = "GhosttySharp.Native.OSX", "src\GhosttySharp.Native.OSX\GhosttySharp.Native.OSX.csproj", "{B5DADD0C-8142-4CF7-AB53-3431A45D8500}"
EndProject
Project("{FAE04EC0-301F-11D3-BF4B-00C04F79EFBC}") = "GhosttySharp.Native.Win64", "src\GhosttySharp.Native.Win64\GhosttySharp.Native.Win64.csproj", "{AC59D0C5-5988-4368-834A-1FFFB93F681F}"
EndProject
Project("{FAE04EC0-301F-11D3-BF4B-00C04F79EFBC}") = "GhosttySharp.Native.Linux64", "src\GhosttySharp.Native.Linux64\GhosttySharp.Native.Linux64.csproj", "{1CADCFBA-6C97-47DB-9456-D6E45D7DAA1C}"
EndProject
Project("{FAE04EC0-301F-11D3-BF4B-00C04F79EFBC}") = "GhosttySharp.Terminal", "src\GhosttySharp.Terminal\GhosttySharp.Terminal.csproj", "{D083DB9E-FD16-4863-A710-4D3D24E44F4D}"
EndProject
Project("{FAE04EC0-301F-11D3-BF4B-00C04F79EFBC}") = "GhosttySharp.Rendering.Skia", "src\GhosttySharp.Rendering.Skia\GhosttySharp.Rendering.Skia.csproj", "{181BC36F-6460-48EC-A3E3-AD7782D6431F}"
EndProject
Project("{FAE04EC0-301F-11D3-BF4B-00C04F79EFBC}") = "GhosttySharp.Terminal.Vt.Managed", "src\GhosttySharp.Terminal.Vt.Managed\GhosttySharp.Terminal.Vt.Managed.csproj", "{F771FD03-A915-4393-A63E-AE0E9C9B052F}"
EndProject
Project("{FAE04EC0-301F-11D3-BF4B-00C04F79EFBC}") = "GhosttySharp.Terminal.Vt.Ghostty", "src\GhosttySharp.Terminal.Vt.Ghostty\GhosttySharp.Terminal.Vt.Ghostty.csproj", "{0AF18A68-758A-48AA-9AD7-131328EAF621}"
EndProject
Project("{FAE04EC0-301F-11D3-BF4B-00C04F79EFBC}") = "GhosttySharp.Terminal.Vt.Default", "src\GhosttySharp.Terminal.Vt.Default\GhosttySharp.Terminal.Vt.Default.csproj", "{EA7225EB-C724-4BB6-993F-F195591354C2}"
EndProject
Project("{FAE04EC0-301F-11D3-BF4B-00C04F79EFBC}") = "GhosttySharp.Terminal.Pty.Unix", "src\GhosttySharp.Terminal.Pty.Unix\GhosttySharp.Terminal.Pty.Unix.csproj", "{754ECD03-A6E8-43A8-9C4E-0F2000EACCE4}"
EndProject
Project("{FAE04EC0-301F-11D3-BF4B-00C04F79EFBC}") = "GhosttySharp.Terminal.Pty.Windows", "src\GhosttySharp.Terminal.Pty.Windows\GhosttySharp.Terminal.Pty.Windows.csproj", "{6369D8B1-B417-4338-A187-C408C01E68A1}"
EndProject
Project("{FAE04EC0-301F-11D3-BF4B-00C04F79EFBC}") = "GhosttySharp.Terminal.Pty.Platform", "src\GhosttySharp.Terminal.Pty.Platform\GhosttySharp.Terminal.Pty.Platform.csproj", "{C8D0DCBF-130B-4DDF-A251-B365E60B4C25}"
EndProject
Project("{FAE04EC0-301F-11D3-BF4B-00C04F79EFBC}") = "GhosttySharp.Terminal.Services.Contracts", "src\GhosttySharp.Terminal.Services.Contracts\GhosttySharp.Terminal.Services.Contracts.csproj", "{4F43AF14-1588-4443-B6C1-087F3664DEA6}"
EndProject
Project("{FAE04EC0-301F-11D3-BF4B-00C04F79EFBC}") = "GhosttySharp.Terminal.Services", "src\GhosttySharp.Terminal.Services\GhosttySharp.Terminal.Services.csproj", "{9379854E-F610-402C-8A79-C830C57E62FC}"
EndProject
Project("{FAE04EC0-301F-11D3-BF4B-00C04F79EFBC}") = "GhosttySharp.Rendering.Contracts", "src\GhosttySharp.Rendering.Contracts\GhosttySharp.Rendering.Contracts.csproj", "{2F5449BD-BB68-4806-A959-36E20F3289A2}"
EndProject
Project("{FAE04EC0-301F-11D3-BF4B-00C04F79EFBC}") = "GhosttySharp.Rendering.Interop", "src\GhosttySharp.Rendering.Interop\GhosttySharp.Rendering.Interop.csproj", "{1B9FB11C-68EE-4C4F-ADED-7CA0C7109758}"
EndProject
Project("{FAE04EC0-301F-11D3-BF4B-00C04F79EFBC}") = "GhosttySharp.Rendering.Interop.Skia", "src\GhosttySharp.Rendering.Interop.Skia\GhosttySharp.Rendering.Interop.Skia.csproj", "{E9C9C223-0A72-47DB-BB73-84E6F7F9F305}"
EndProject
Project("{FAE04EC0-301F-11D3-BF4B-00C04F79EFBC}") = "GhosttySharp.Avalonia.Rendering", "src\GhosttySharp.Avalonia.Rendering\GhosttySharp.Avalonia.Rendering.csproj", "{AC122011-2836-4B56-8EBF-E32F024C65D1}"
EndProject
Project("{FAE04EC0-301F-11D3-BF4B-00C04F79EFBC}") = "GhosttySharp.Benchmarks", "tests\GhosttySharp.Benchmarks\GhosttySharp.Benchmarks.csproj", "{2F00DA6E-B412-42CC-B86E-65ED3F6A2161}"
EndProject
Project("{FAE04EC0-301F-11D3-BF4B-00C04F79EFBC}") = "GhosttySharp.Rendering.Text", "src\GhosttySharp.Rendering.Text\GhosttySharp.Rendering.Text.csproj", "{81E6F4F7-80A6-4842-A555-CF00762E6CD3}"
EndProject
Project("{FAE04EC0-301F-11D3-BF4B-00C04F79EFBC}") = "GhosttySharp.Unicode", "src\GhosttySharp.Unicode\GhosttySharp.Unicode.csproj", "{C8A3C010-D1DD-4D85-B3D6-235889F70685}"
EndProject
Global
	GlobalSection(SolutionConfigurationPlatforms) = preSolution
		Debug|Any CPU = Debug|Any CPU
		Debug|x64 = Debug|x64
		Debug|x86 = Debug|x86
		Release|Any CPU = Release|Any CPU
		Release|x64 = Release|x64
		Release|x86 = Release|x86
	EndGlobalSection
	GlobalSection(ProjectConfigurationPlatforms) = postSolution
		{A1B2C3D4-E5F6-7890-ABCD-EF1234567890}.Debug|Any CPU.ActiveCfg = Debug|Any CPU
		{A1B2C3D4-E5F6-7890-ABCD-EF1234567890}.Debug|Any CPU.Build.0 = Debug|Any CPU
		{A1B2C3D4-E5F6-7890-ABCD-EF1234567890}.Debug|x64.ActiveCfg = Debug|Any CPU
		{A1B2C3D4-E5F6-7890-ABCD-EF1234567890}.Debug|x64.Build.0 = Debug|Any CPU
		{A1B2C3D4-E5F6-7890-ABCD-EF1234567890}.Debug|x86.ActiveCfg = Debug|Any CPU
		{A1B2C3D4-E5F6-7890-ABCD-EF1234567890}.Debug|x86.Build.0 = Debug|Any CPU
		{A1B2C3D4-E5F6-7890-ABCD-EF1234567890}.Release|Any CPU.ActiveCfg = Release|Any CPU
		{A1B2C3D4-E5F6-7890-ABCD-EF1234567890}.Release|Any CPU.Build.0 = Release|Any CPU
		{A1B2C3D4-E5F6-7890-ABCD-EF1234567890}.Release|x64.ActiveCfg = Release|Any CPU
		{A1B2C3D4-E5F6-7890-ABCD-EF1234567890}.Release|x64.Build.0 = Release|Any CPU
		{A1B2C3D4-E5F6-7890-ABCD-EF1234567890}.Release|x86.ActiveCfg = Release|Any CPU
		{A1B2C3D4-E5F6-7890-ABCD-EF1234567890}.Release|x86.Build.0 = Release|Any CPU
		{B2C3D4E5-F6A7-8901-BCDE-F12345678901}.Debug|Any CPU.ActiveCfg = Debug|Any CPU
		{B2C3D4E5-F6A7-8901-BCDE-F12345678901}.Debug|Any CPU.Build.0 = Debug|Any CPU
		{B2C3D4E5-F6A7-8901-BCDE-F12345678901}.Debug|x64.ActiveCfg = Debug|Any CPU
		{B2C3D4E5-F6A7-8901-BCDE-F12345678901}.Debug|x64.Build.0 = Debug|Any CPU
		{B2C3D4E5-F6A7-8901-BCDE-F12345678901}.Debug|x86.ActiveCfg = Debug|Any CPU
		{B2C3D4E5-F6A7-8901-BCDE-F12345678901}.Debug|x86.Build.0 = Debug|Any CPU
		{B2C3D4E5-F6A7-8901-BCDE-F12345678901}.Release|Any CPU.ActiveCfg = Release|Any CPU
		{B2C3D4E5-F6A7-8901-BCDE-F12345678901}.Release|Any CPU.Build.0 = Release|Any CPU
		{B2C3D4E5-F6A7-8901-BCDE-F12345678901}.Release|x64.ActiveCfg = Release|Any CPU
		{B2C3D4E5-F6A7-8901-BCDE-F12345678901}.Release|x64.Build.0 = Release|Any CPU
		{B2C3D4E5-F6A7-8901-BCDE-F12345678901}.Release|x86.ActiveCfg = Release|Any CPU
		{B2C3D4E5-F6A7-8901-BCDE-F12345678901}.Release|x86.Build.0 = Release|Any CPU
		{0E6EAC46-879B-4BF3-A498-F1DAD588B03E}.Debug|Any CPU.ActiveCfg = Debug|Any CPU
		{0E6EAC46-879B-4BF3-A498-F1DAD588B03E}.Debug|Any CPU.Build.0 = Debug|Any CPU
		{0E6EAC46-879B-4BF3-A498-F1DAD588B03E}.Debug|x64.ActiveCfg = Debug|Any CPU
		{0E6EAC46-879B-4BF3-A498-F1DAD588B03E}.Debug|x64.Build.0 = Debug|Any CPU
		{0E6EAC46-879B-4BF3-A498-F1DAD588B03E}.Debug|x86.ActiveCfg = Debug|Any CPU
		{0E6EAC46-879B-4BF3-A498-F1DAD588B03E}.Debug|x86.Build.0 = Debug|Any CPU
		{0E6EAC46-879B-4BF3-A498-F1DAD588B03E}.Release|Any CPU.ActiveCfg = Release|Any CPU
		{0E6EAC46-879B-4BF3-A498-F1DAD588B03E}.Release|Any CPU.Build.0 = Release|Any CPU
		{0E6EAC46-879B-4BF3-A498-F1DAD588B03E}.Release|x64.ActiveCfg = Release|Any CPU
		{0E6EAC46-879B-4BF3-A498-F1DAD588B03E}.Release|x64.Build.0 = Release|Any CPU
		{0E6EAC46-879B-4BF3-A498-F1DAD588B03E}.Release|x86.ActiveCfg = Release|Any CPU
		{0E6EAC46-879B-4BF3-A498-F1DAD588B03E}.Release|x86.Build.0 = Release|Any CPU
		{69A07176-2696-4AC9-AAB8-83B604711FE8}.Debug|Any CPU.ActiveCfg = Debug|Any CPU
		{69A07176-2696-4AC9-AAB8-83B604711FE8}.Debug|Any CPU.Build.0 = Debug|Any CPU
		{69A07176-2696-4AC9-AAB8-83B604711FE8}.Debug|x64.ActiveCfg = Debug|Any CPU
		{69A07176-2696-4AC9-AAB8-83B604711FE8}.Debug|x64.Build.0 = Debug|Any CPU
		{69A07176-2696-4AC9-AAB8-83B604711FE8}.Debug|x86.ActiveCfg = Debug|Any CPU
		{69A07176-2696-4AC9-AAB8-83B604711FE8}.Debug|x86.Build.0 = Debug|Any CPU
		{69A07176-2696-4AC9-AAB8-83B604711FE8}.Release|Any CPU.ActiveCfg = Release|Any CPU
		{69A07176-2696-4AC9-AAB8-83B604711FE8}.Release|Any CPU.Build.0 = Release|Any CPU
		{69A07176-2696-4AC9-AAB8-83B604711FE8}.Release|x64.ActiveCfg = Release|Any CPU
		{69A07176-2696-4AC9-AAB8-83B604711FE8}.Release|x64.Build.0 = Release|Any CPU
		{69A07176-2696-4AC9-AAB8-83B604711FE8}.Release|x86.ActiveCfg = Release|Any CPU
		{69A07176-2696-4AC9-AAB8-83B604711FE8}.Release|x86.Build.0 = Release|Any CPU
		{B72B7424-86E2-47F5-BB7C-4BE53901ABC4}.Debug|Any CPU.ActiveCfg = Debug|Any CPU
		{B72B7424-86E2-47F5-BB7C-4BE53901ABC4}.Debug|Any CPU.Build.0 = Debug|Any CPU
		{B72B7424-86E2-47F5-BB7C-4BE53901ABC4}.Debug|x64.ActiveCfg = Debug|Any CPU
		{B72B7424-86E2-47F5-BB7C-4BE53901ABC4}.Debug|x64.Build.0 = Debug|Any CPU
		{B72B7424-86E2-47F5-BB7C-4BE53901ABC4}.Debug|x86.ActiveCfg = Debug|Any CPU
		{B72B7424-86E2-47F5-BB7C-4BE53901ABC4}.Debug|x86.Build.0 = Debug|Any CPU
		{B72B7424-86E2-47F5-BB7C-4BE53901ABC4}.Release|Any CPU.ActiveCfg = Release|Any CPU
		{B72B7424-86E2-47F5-BB7C-4BE53901ABC4}.Release|Any CPU.Build.0 = Release|Any CPU
		{B72B7424-86E2-47F5-BB7C-4BE53901ABC4}.Release|x64.ActiveCfg = Release|Any CPU
		{B72B7424-86E2-47F5-BB7C-4BE53901ABC4}.Release|x64.Build.0 = Release|Any CPU
		{B72B7424-86E2-47F5-BB7C-4BE53901ABC4}.Release|x86.ActiveCfg = Release|Any CPU
		{B72B7424-86E2-47F5-BB7C-4BE53901ABC4}.Release|x86.Build.0 = Release|Any CPU
		{B5DADD0C-8142-4CF7-AB53-3431A45D8500}.Debug|Any CPU.ActiveCfg = Debug|Any CPU
		{B5DADD0C-8142-4CF7-AB53-3431A45D8500}.Debug|Any CPU.Build.0 = Debug|Any CPU
		{B5DADD0C-8142-4CF7-AB53-3431A45D8500}.Debug|x64.ActiveCfg = Debug|Any CPU
		{B5DADD0C-8142-4CF7-AB53-3431A45D8500}.Debug|x64.Build.0 = Debug|Any CPU
		{B5DADD0C-8142-4CF7-AB53-3431A45D8500}.Debug|x86.ActiveCfg = Debug|Any CPU
		{B5DADD0C-8142-4CF7-AB53-3431A45D8500}.Debug|x86.Build.0 = Debug|Any CPU
		{B5DADD0C-8142-4CF7-AB53-3431A45D8500}.Release|Any CPU.ActiveCfg = Release|Any CPU
		{B5DADD0C-8142-4CF7-AB53-3431A45D8500}.Release|Any CPU.Build.0 = Release|Any CPU
		{B5DADD0C-8142-4CF7-AB53-3431A45D8500}.Release|x64.ActiveCfg = Release|Any CPU
		{B5DADD0C-8142-4CF7-AB53-3431A45D8500}.Release|x64.Build.0 = Release|Any CPU
		{B5DADD0C-8142-4CF7-AB53-3431A45D8500}.Release|x86.ActiveCfg = Release|Any CPU
		{B5DADD0C-8142-4CF7-AB53-3431A45D8500}.Release|x86.Build.0 = Release|Any CPU
		{AC59D0C5-5988-4368-834A-1FFFB93F681F}.Debug|Any CPU.ActiveCfg = Debug|Any CPU
		{AC59D0C5-5988-4368-834A-1FFFB93F681F}.Debug|Any CPU.Build.0 = Debug|Any CPU
		{AC59D0C5-5988-4368-834A-1FFFB93F681F}.Debug|x64.ActiveCfg = Debug|Any CPU
		{AC59D0C5-5988-4368-834A-1FFFB93F681F}.Debug|x64.Build.0 = Debug|Any CPU
		{AC59D0C5-5988-4368-834A-1FFFB93F681F}.Debug|x86.ActiveCfg = Debug|Any CPU
		{AC59D0C5-5988-4368-834A-1FFFB93F681F}.Debug|x86.Build.0 = Debug|Any CPU
		{AC59D0C5-5988-4368-834A-1FFFB93F681F}.Release|Any CPU.ActiveCfg = Release|Any CPU
		{AC59D0C5-5988-4368-834A-1FFFB93F681F}.Release|Any CPU.Build.0 = Release|Any CPU
		{AC59D0C5-5988-4368-834A-1FFFB93F681F}.Release|x64.ActiveCfg = Release|Any CPU
		{AC59D0C5-5988-4368-834A-1FFFB93F681F}.Release|x64.Build.0 = Release|Any CPU
		{AC59D0C5-5988-4368-834A-1FFFB93F681F}.Release|x86.ActiveCfg = Release|Any CPU
		{AC59D0C5-5988-4368-834A-1FFFB93F681F}.Release|x86.Build.0 = Release|Any CPU
		{1CADCFBA-6C97-47DB-9456-D6E45D7DAA1C}.Debug|Any CPU.ActiveCfg = Debug|Any CPU
		{1CADCFBA-6C97-47DB-9456-D6E45D7DAA1C}.Debug|Any CPU.Build.0 = Debug|Any CPU
		{1CADCFBA-6C97-47DB-9456-D6E45D7DAA1C}.Debug|x64.ActiveCfg = Debug|Any CPU
		{1CADCFBA-6C97-47DB-9456-D6E45D7DAA1C}.Debug|x64.Build.0 = Debug|Any CPU
		{1CADCFBA-6C97-47DB-9456-D6E45D7DAA1C}.Debug|x86.ActiveCfg = Debug|Any CPU
		{1CADCFBA-6C97-47DB-9456-D6E45D7DAA1C}.Debug|x86.Build.0 = Debug|Any CPU
		{1CADCFBA-6C97-47DB-9456-D6E45D7DAA1C}.Release|Any CPU.ActiveCfg = Release|Any CPU
		{1CADCFBA-6C97-47DB-9456-D6E45D7DAA1C}.Release|Any CPU.Build.0 = Release|Any CPU
		{1CADCFBA-6C97-47DB-9456-D6E45D7DAA1C}.Release|x64.ActiveCfg = Release|Any CPU
		{1CADCFBA-6C97-47DB-9456-D6E45D7DAA1C}.Release|x64.Build.0 = Release|Any CPU
		{1CADCFBA-6C97-47DB-9456-D6E45D7DAA1C}.Release|x86.ActiveCfg = Release|Any CPU
		{1CADCFBA-6C97-47DB-9456-D6E45D7DAA1C}.Release|x86.Build.0 = Release|Any CPU
		{D083DB9E-FD16-4863-A710-4D3D24E44F4D}.Debug|Any CPU.ActiveCfg = Debug|Any CPU
		{D083DB9E-FD16-4863-A710-4D3D24E44F4D}.Debug|Any CPU.Build.0 = Debug|Any CPU
		{D083DB9E-FD16-4863-A710-4D3D24E44F4D}.Debug|x64.ActiveCfg = Debug|Any CPU
		{D083DB9E-FD16-4863-A710-4D3D24E44F4D}.Debug|x64.Build.0 = Debug|Any CPU
		{D083DB9E-FD16-4863-A710-4D3D24E44F4D}.Debug|x86.ActiveCfg = Debug|Any CPU
		{D083DB9E-FD16-4863-A710-4D3D24E44F4D}.Debug|x86.Build.0 = Debug|Any CPU
		{D083DB9E-FD16-4863-A710-4D3D24E44F4D}.Release|Any CPU.ActiveCfg = Release|Any CPU
		{D083DB9E-FD16-4863-A710-4D3D24E44F4D}.Release|Any CPU.Build.0 = Release|Any CPU
		{D083DB9E-FD16-4863-A710-4D3D24E44F4D}.Release|x64.ActiveCfg = Release|Any CPU
		{D083DB9E-FD16-4863-A710-4D3D24E44F4D}.Release|x64.Build.0 = Release|Any CPU
		{D083DB9E-FD16-4863-A710-4D3D24E44F4D}.Release|x86.ActiveCfg = Release|Any CPU
		{D083DB9E-FD16-4863-A710-4D3D24E44F4D}.Release|x86.Build.0 = Release|Any CPU
		{181BC36F-6460-48EC-A3E3-AD7782D6431F}.Debug|Any CPU.ActiveCfg = Debug|Any CPU
		{181BC36F-6460-48EC-A3E3-AD7782D6431F}.Debug|Any CPU.Build.0 = Debug|Any CPU
		{181BC36F-6460-48EC-A3E3-AD7782D6431F}.Debug|x64.ActiveCfg = Debug|Any CPU
		{181BC36F-6460-48EC-A3E3-AD7782D6431F}.Debug|x64.Build.0 = Debug|Any CPU
		{181BC36F-6460-48EC-A3E3-AD7782D6431F}.Debug|x86.ActiveCfg = Debug|Any CPU
		{181BC36F-6460-48EC-A3E3-AD7782D6431F}.Debug|x86.Build.0 = Debug|Any CPU
		{181BC36F-6460-48EC-A3E3-AD7782D6431F}.Release|Any CPU.ActiveCfg = Release|Any CPU
		{181BC36F-6460-48EC-A3E3-AD7782D6431F}.Release|Any CPU.Build.0 = Release|Any CPU
		{181BC36F-6460-48EC-A3E3-AD7782D6431F}.Release|x64.ActiveCfg = Release|Any CPU
		{181BC36F-6460-48EC-A3E3-AD7782D6431F}.Release|x64.Build.0 = Release|Any CPU
		{181BC36F-6460-48EC-A3E3-AD7782D6431F}.Release|x86.ActiveCfg = Release|Any CPU
		{181BC36F-6460-48EC-A3E3-AD7782D6431F}.Release|x86.Build.0 = Release|Any CPU
		{F771FD03-A915-4393-A63E-AE0E9C9B052F}.Debug|Any CPU.ActiveCfg = Debug|Any CPU
		{F771FD03-A915-4393-A63E-AE0E9C9B052F}.Debug|Any CPU.Build.0 = Debug|Any CPU
		{F771FD03-A915-4393-A63E-AE0E9C9B052F}.Debug|x64.ActiveCfg = Debug|Any CPU
		{F771FD03-A915-4393-A63E-AE0E9C9B052F}.Debug|x64.Build.0 = Debug|Any CPU
		{F771FD03-A915-4393-A63E-AE0E9C9B052F}.Debug|x86.ActiveCfg = Debug|Any CPU
		{F771FD03-A915-4393-A63E-AE0E9C9B052F}.Debug|x86.Build.0 = Debug|Any CPU
		{F771FD03-A915-4393-A63E-AE0E9C9B052F}.Release|Any CPU.ActiveCfg = Release|Any CPU
		{F771FD03-A915-4393-A63E-AE0E9C9B052F}.Release|Any CPU.Build.0 = Release|Any CPU
		{F771FD03-A915-4393-A63E-AE0E9C9B052F}.Release|x64.ActiveCfg = Release|Any CPU
		{F771FD03-A915-4393-A63E-AE0E9C9B052F}.Release|x64.Build.0 = Release|Any CPU
		{F771FD03-A915-4393-A63E-AE0E9C9B052F}.Release|x86.ActiveCfg = Release|Any CPU
		{F771FD03-A915-4393-A63E-AE0E9C9B052F}.Release|x86.Build.0 = Release|Any CPU
		{0AF18A68-758A-48AA-9AD7-131328EAF621}.Debug|Any CPU.ActiveCfg = Debug|Any CPU
		{0AF18A68-758A-48AA-9AD7-131328EAF621}.Debug|Any CPU.Build.0 = Debug|Any CPU
		{0AF18A68-758A-48AA-9AD7-131328EAF621}.Debug|x64.ActiveCfg = Debug|Any CPU
		{0AF18A68-758A-48AA-9AD7-131328EAF621}.Debug|x64.Build.0 = Debug|Any CPU
		{0AF18A68-758A-48AA-9AD7-131328EAF621}.Debug|x86.ActiveCfg = Debug|Any CPU
		{0AF18A68-758A-48AA-9AD7-131328EAF621}.Debug|x86.Build.0 = Debug|Any CPU
		{0AF18A68-758A-48AA-9AD7-131328EAF621}.Release|Any CPU.ActiveCfg = Release|Any CPU
		{0AF18A68-758A-48AA-9AD7-131328EAF621}.Release|Any CPU.Build.0 = Release|Any CPU
		{0AF18A68-758A-48AA-9AD7-131328EAF621}.Release|x64.ActiveCfg = Release|Any CPU
		{0AF18A68-758A-48AA-9AD7-131328EAF621}.Release|x64.Build.0 = Release|Any CPU
		{0AF18A68-758A-48AA-9AD7-131328EAF621}.Release|x86.ActiveCfg = Release|Any CPU
		{0AF18A68-758A-48AA-9AD7-131328EAF621}.Release|x86.Build.0 = Release|Any CPU
		{EA7225EB-C724-4BB6-993F-F195591354C2}.Debug|Any CPU.ActiveCfg = Debug|Any CPU
		{EA7225EB-C724-4BB6-993F-F195591354C2}.Debug|Any CPU.Build.0 = Debug|Any CPU
		{EA7225EB-C724-4BB6-993F-F195591354C2}.Debug|x64.ActiveCfg = Debug|Any CPU
		{EA7225EB-C724-4BB6-993F-F195591354C2}.Debug|x64.Build.0 = Debug|Any CPU
		{EA7225EB-C724-4BB6-993F-F195591354C2}.Debug|x86.ActiveCfg = Debug|Any CPU
		{EA7225EB-C724-4BB6-993F-F195591354C2}.Debug|x86.Build.0 = Debug|Any CPU
		{EA7225EB-C724-4BB6-993F-F195591354C2}.Release|Any CPU.ActiveCfg = Release|Any CPU
		{EA7225EB-C724-4BB6-993F-F195591354C2}.Release|Any CPU.Build.0 = Release|Any CPU
		{EA7225EB-C724-4BB6-993F-F195591354C2}.Release|x64.ActiveCfg = Release|Any CPU
		{EA7225EB-C724-4BB6-993F-F195591354C2}.Release|x64.Build.0 = Release|Any CPU
		{EA7225EB-C724-4BB6-993F-F195591354C2}.Release|x86.ActiveCfg = Release|Any CPU
		{EA7225EB-C724-4BB6-993F-F195591354C2}.Release|x86.Build.0 = Release|Any CPU
		{754ECD03-A6E8-43A8-9C4E-0F2000EACCE4}.Debug|Any CPU.ActiveCfg = Debug|Any CPU
		{754ECD03-A6E8-43A8-9C4E-0F2000EACCE4}.Debug|Any CPU.Build.0 = Debug|Any CPU
		{754ECD03-A6E8-43A8-9C4E-0F2000EACCE4}.Debug|x64.ActiveCfg = Debug|Any CPU
		{754ECD03-A6E8-43A8-9C4E-0F2000EACCE4}.Debug|x64.Build.0 = Debug|Any CPU
		{754ECD03-A6E8-43A8-9C4E-0F2000EACCE4}.Debug|x86.ActiveCfg = Debug|Any CPU
		{754ECD03-A6E8-43A8-9C4E-0F2000EACCE4}.Debug|x86.Build.0 = Debug|Any CPU
		{754ECD03-A6E8-43A8-9C4E-0F2000EACCE4}.Release|Any CPU.ActiveCfg = Release|Any CPU
		{754ECD03-A6E8-43A8-9C4E-0F2000EACCE4}.Release|Any CPU.Build.0 = Release|Any CPU
		{754ECD03-A6E8-43A8-9C4E-0F2000EACCE4}.Release|x64.ActiveCfg = Release|Any CPU
		{754ECD03-A6E8-43A8-9C4E-0F2000EACCE4}.Release|x64.Build.0 = Release|Any CPU
		{754ECD03-A6E8-43A8-9C4E-0F2000EACCE4}.Release|x86.ActiveCfg = Release|Any CPU
		{754ECD03-A6E8-43A8-9C4E-0F2000EACCE4}.Release|x86.Build.0 = Release|Any CPU
		{6369D8B1-B417-4338-A187-C408C01E68A1}.Debug|Any CPU.ActiveCfg = Debug|Any CPU
		{6369D8B1-B417-4338-A187-C408C01E68A1}.Debug|Any CPU.Build.0 = Debug|Any CPU
		{6369D8B1-B417-4338-A187-C408C01E68A1}.Debug|x64.ActiveCfg = Debug|Any CPU
		{6369D8B1-B417-4338-A187-C408C01E68A1}.Debug|x64.Build.0 = Debug|Any CPU
		{6369D8B1-B417-4338-A187-C408C01E68A1}.Debug|x86.ActiveCfg = Debug|Any CPU
		{6369D8B1-B417-4338-A187-C408C01E68A1}.Debug|x86.Build.0 = Debug|Any CPU
		{6369D8B1-B417-4338-A187-C408C01E68A1}.Release|Any CPU.ActiveCfg = Release|Any CPU
		{6369D8B1-B417-4338-A187-C408C01E68A1}.Release|Any CPU.Build.0 = Release|Any CPU
		{6369D8B1-B417-4338-A187-C408C01E68A1}.Release|x64.ActiveCfg = Release|Any CPU
		{6369D8B1-B417-4338-A187-C408C01E68A1}.Release|x64.Build.0 = Release|Any CPU
		{6369D8B1-B417-4338-A187-C408C01E68A1}.Release|x86.ActiveCfg = Release|Any CPU
		{6369D8B1-B417-4338-A187-C408C01E68A1}.Release|x86.Build.0 = Release|Any CPU
		{C8D0DCBF-130B-4DDF-A251-B365E60B4C25}.Debug|Any CPU.ActiveCfg = Debug|Any CPU
		{C8D0DCBF-130B-4DDF-A251-B365E60B4C25}.Debug|Any CPU.Build.0 = Debug|Any CPU
		{C8D0DCBF-130B-4DDF-A251-B365E60B4C25}.Debug|x64.ActiveCfg = Debug|Any CPU
		{C8D0DCBF-130B-4DDF-A251-B365E60B4C25}.Debug|x64.Build.0 = Debug|Any CPU
		{C8D0DCBF-130B-4DDF-A251-B365E60B4C25}.Debug|x86.ActiveCfg = Debug|Any CPU
		{C8D0DCBF-130B-4DDF-A251-B365E60B4C25}.Debug|x86.Build.0 = Debug|Any CPU
		{C8D0DCBF-130B-4DDF-A251-B365E60B4C25}.Release|Any CPU.ActiveCfg = Release|Any CPU
		{C8D0DCBF-130B-4DDF-A251-B365E60B4C25}.Release|Any CPU.Build.0 = Release|Any CPU
		{C8D0DCBF-130B-4DDF-A251-B365E60B4C25}.Release|x64.ActiveCfg = Release|Any CPU
		{C8D0DCBF-130B-4DDF-A251-B365E60B4C25}.Release|x64.Build.0 = Release|Any CPU
		{C8D0DCBF-130B-4DDF-A251-B365E60B4C25}.Release|x86.ActiveCfg = Release|Any CPU
		{C8D0DCBF-130B-4DDF-A251-B365E60B4C25}.Release|x86.Build.0 = Release|Any CPU
		{4F43AF14-1588-4443-B6C1-087F3664DEA6}.Debug|Any CPU.ActiveCfg = Debug|Any CPU
		{4F43AF14-1588-4443-B6C1-087F3664DEA6}.Debug|Any CPU.Build.0 = Debug|Any CPU
		{4F43AF14-1588-4443-B6C1-087F3664DEA6}.Debug|x64.ActiveCfg = Debug|Any CPU
		{4F43AF14-1588-4443-B6C1-087F3664DEA6}.Debug|x64.Build.0 = Debug|Any CPU
		{4F43AF14-1588-4443-B6C1-087F3664DEA6}.Debug|x86.ActiveCfg = Debug|Any CPU
		{4F43AF14-1588-4443-B6C1-087F3664DEA6}.Debug|x86.Build.0 = Debug|Any CPU
		{4F43AF14-1588-4443-B6C1-087F3664DEA6}.Release|Any CPU.ActiveCfg = Release|Any CPU
		{4F43AF14-1588-4443-B6C1-087F3664DEA6}.Release|Any CPU.Build.0 = Release|Any CPU
		{4F43AF14-1588-4443-B6C1-087F3664DEA6}.Release|x64.ActiveCfg = Release|Any CPU
		{4F43AF14-1588-4443-B6C1-087F3664DEA6}.Release|x64.Build.0 = Release|Any CPU
		{4F43AF14-1588-4443-B6C1-087F3664DEA6}.Release|x86.ActiveCfg = Release|Any CPU
		{4F43AF14-1588-4443-B6C1-087F3664DEA6}.Release|x86.Build.0 = Release|Any CPU
		{9379854E-F610-402C-8A79-C830C57E62FC}.Debug|Any CPU.ActiveCfg = Debug|Any CPU
		{9379854E-F610-402C-8A79-C830C57E62FC}.Debug|Any CPU.Build.0 = Debug|Any CPU
		{9379854E-F610-402C-8A79-C830C57E62FC}.Debug|x64.ActiveCfg = Debug|Any CPU
		{9379854E-F610-402C-8A79-C830C57E62FC}.Debug|x64.Build.0 = Debug|Any CPU
		{9379854E-F610-402C-8A79-C830C57E62FC}.Debug|x86.ActiveCfg = Debug|Any CPU
		{9379854E-F610-402C-8A79-C830C57E62FC}.Debug|x86.Build.0 = Debug|Any CPU
		{9379854E-F610-402C-8A79-C830C57E62FC}.Release|Any CPU.ActiveCfg = Release|Any CPU
		{9379854E-F610-402C-8A79-C830C57E62FC}.Release|Any CPU.Build.0 = Release|Any CPU
		{9379854E-F610-402C-8A79-C830C57E62FC}.Release|x64.ActiveCfg = Release|Any CPU
		{9379854E-F610-402C-8A79-C830C57E62FC}.Release|x64.Build.0 = Release|Any CPU
		{9379854E-F610-402C-8A79-C830C57E62FC}.Release|x86.ActiveCfg = Release|Any CPU
		{9379854E-F610-402C-8A79-C830C57E62FC}.Release|x86.Build.0 = Release|Any CPU
		{2F5449BD-BB68-4806-A959-36E20F3289A2}.Debug|Any CPU.ActiveCfg = Debug|Any CPU
		{2F5449BD-BB68-4806-A959-36E20F3289A2}.Debug|Any CPU.Build.0 = Debug|Any CPU
		{2F5449BD-BB68-4806-A959-36E20F3289A2}.Debug|x64.ActiveCfg = Debug|Any CPU
		{2F5449BD-BB68-4806-A959-36E20F3289A2}.Debug|x64.Build.0 = Debug|Any CPU
		{2F5449BD-BB68-4806-A959-36E20F3289A2}.Debug|x86.ActiveCfg = Debug|Any CPU
		{2F5449BD-BB68-4806-A959-36E20F3289A2}.Debug|x86.Build.0 = Debug|Any CPU
		{2F5449BD-BB68-4806-A959-36E20F3289A2}.Release|Any CPU.ActiveCfg = Release|Any CPU
		{2F5449BD-BB68-4806-A959-36E20F3289A2}.Release|Any CPU.Build.0 = Release|Any CPU
		{2F5449BD-BB68-4806-A959-36E20F3289A2}.Release|x64.ActiveCfg = Release|Any CPU
		{2F5449BD-BB68-4806-A959-36E20F3289A2}.Release|x64.Build.0 = Release|Any CPU
		{2F5449BD-BB68-4806-A959-36E20F3289A2}.Release|x86.ActiveCfg = Release|Any CPU
		{2F5449BD-BB68-4806-A959-36E20F3289A2}.Release|x86.Build.0 = Release|Any CPU
		{1B9FB11C-68EE-4C4F-ADED-7CA0C7109758}.Debug|Any CPU.ActiveCfg = Debug|Any CPU
		{1B9FB11C-68EE-4C4F-ADED-7CA0C7109758}.Debug|Any CPU.Build.0 = Debug|Any CPU
		{1B9FB11C-68EE-4C4F-ADED-7CA0C7109758}.Debug|x64.ActiveCfg = Debug|Any CPU
		{1B9FB11C-68EE-4C4F-ADED-7CA0C7109758}.Debug|x64.Build.0 = Debug|Any CPU
		{1B9FB11C-68EE-4C4F-ADED-7CA0C7109758}.Debug|x86.ActiveCfg = Debug|Any CPU
		{1B9FB11C-68EE-4C4F-ADED-7CA0C7109758}.Debug|x86.Build.0 = Debug|Any CPU
		{1B9FB11C-68EE-4C4F-ADED-7CA0C7109758}.Release|Any CPU.ActiveCfg = Release|Any CPU
		{1B9FB11C-68EE-4C4F-ADED-7CA0C7109758}.Release|Any CPU.Build.0 = Release|Any CPU
		{1B9FB11C-68EE-4C4F-ADED-7CA0C7109758}.Release|x64.ActiveCfg = Release|Any CPU
		{1B9FB11C-68EE-4C4F-ADED-7CA0C7109758}.Release|x64.Build.0 = Release|Any CPU
		{1B9FB11C-68EE-4C4F-ADED-7CA0C7109758}.Release|x86.ActiveCfg = Release|Any CPU
		{1B9FB11C-68EE-4C4F-ADED-7CA0C7109758}.Release|x86.Build.0 = Release|Any CPU
		{E9C9C223-0A72-47DB-BB73-84E6F7F9F305}.Debug|Any CPU.ActiveCfg = Debug|Any CPU
		{E9C9C223-0A72-47DB-BB73-84E6F7F9F305}.Debug|Any CPU.Build.0 = Debug|Any CPU
		{E9C9C223-0A72-47DB-BB73-84E6F7F9F305}.Debug|x64.ActiveCfg = Debug|Any CPU
		{E9C9C223-0A72-47DB-BB73-84E6F7F9F305}.Debug|x64.Build.0 = Debug|Any CPU
		{E9C9C223-0A72-47DB-BB73-84E6F7F9F305}.Debug|x86.ActiveCfg = Debug|Any CPU
		{E9C9C223-0A72-47DB-BB73-84E6F7F9F305}.Debug|x86.Build.0 = Debug|Any CPU
		{E9C9C223-0A72-47DB-BB73-84E6F7F9F305}.Release|Any CPU.ActiveCfg = Release|Any CPU
		{E9C9C223-0A72-47DB-BB73-84E6F7F9F305}.Release|Any CPU.Build.0 = Release|Any CPU
		{E9C9C223-0A72-47DB-BB73-84E6F7F9F305}.Release|x64.ActiveCfg = Release|Any CPU
		{E9C9C223-0A72-47DB-BB73-84E6F7F9F305}.Release|x64.Build.0 = Release|Any CPU
		{E9C9C223-0A72-47DB-BB73-84E6F7F9F305}.Release|x86.ActiveCfg = Release|Any CPU
		{E9C9C223-0A72-47DB-BB73-84E6F7F9F305}.Release|x86.Build.0 = Release|Any CPU
		{AC122011-2836-4B56-8EBF-E32F024C65D1}.Debug|Any CPU.ActiveCfg = Debug|Any CPU
		{AC122011-2836-4B56-8EBF-E32F024C65D1}.Debug|Any CPU.Build.0 = Debug|Any CPU
		{AC122011-2836-4B56-8EBF-E32F024C65D1}.Debug|x64.ActiveCfg = Debug|Any CPU
		{AC122011-2836-4B56-8EBF-E32F024C65D1}.Debug|x64.Build.0 = Debug|Any CPU
		{AC122011-2836-4B56-8EBF-E32F024C65D1}.Debug|x86.ActiveCfg = Debug|Any CPU
		{AC122011-2836-4B56-8EBF-E32F024C65D1}.Debug|x86.Build.0 = Debug|Any CPU
		{AC122011-2836-4B56-8EBF-E32F024C65D1}.Release|Any CPU.ActiveCfg = Release|Any CPU
		{AC122011-2836-4B56-8EBF-E32F024C65D1}.Release|Any CPU.Build.0 = Release|Any CPU
		{AC122011-2836-4B56-8EBF-E32F024C65D1}.Release|x64.ActiveCfg = Release|Any CPU
		{AC122011-2836-4B56-8EBF-E32F024C65D1}.Release|x64.Build.0 = Release|Any CPU
		{AC122011-2836-4B56-8EBF-E32F024C65D1}.Release|x86.ActiveCfg = Release|Any CPU
		{AC122011-2836-4B56-8EBF-E32F024C65D1}.Release|x86.Build.0 = Release|Any CPU
		{2F00DA6E-B412-42CC-B86E-65ED3F6A2161}.Debug|Any CPU.ActiveCfg = Debug|Any CPU
		{2F00DA6E-B412-42CC-B86E-65ED3F6A2161}.Debug|Any CPU.Build.0 = Debug|Any CPU
		{2F00DA6E-B412-42CC-B86E-65ED3F6A2161}.Debug|x64.ActiveCfg = Debug|Any CPU
		{2F00DA6E-B412-42CC-B86E-65ED3F6A2161}.Debug|x64.Build.0 = Debug|Any CPU
		{2F00DA6E-B412-42CC-B86E-65ED3F6A2161}.Debug|x86.ActiveCfg = Debug|Any CPU
		{2F00DA6E-B412-42CC-B86E-65ED3F6A2161}.Debug|x86.Build.0 = Debug|Any CPU
		{2F00DA6E-B412-42CC-B86E-65ED3F6A2161}.Release|Any CPU.ActiveCfg = Release|Any CPU
		{2F00DA6E-B412-42CC-B86E-65ED3F6A2161}.Release|Any CPU.Build.0 = Release|Any CPU
		{2F00DA6E-B412-42CC-B86E-65ED3F6A2161}.Release|x64.ActiveCfg = Release|Any CPU
		{2F00DA6E-B412-42CC-B86E-65ED3F6A2161}.Release|x64.Build.0 = Release|Any CPU
		{2F00DA6E-B412-42CC-B86E-65ED3F6A2161}.Release|x86.ActiveCfg = Release|Any CPU
		{2F00DA6E-B412-42CC-B86E-65ED3F6A2161}.Release|x86.Build.0 = Release|Any CPU
		{81E6F4F7-80A6-4842-A555-CF00762E6CD3}.Debug|Any CPU.ActiveCfg = Debug|Any CPU
		{81E6F4F7-80A6-4842-A555-CF00762E6CD3}.Debug|Any CPU.Build.0 = Debug|Any CPU
		{81E6F4F7-80A6-4842-A555-CF00762E6CD3}.Debug|x64.ActiveCfg = Debug|Any CPU
		{81E6F4F7-80A6-4842-A555-CF00762E6CD3}.Debug|x64.Build.0 = Debug|Any CPU
		{81E6F4F7-80A6-4842-A555-CF00762E6CD3}.Debug|x86.ActiveCfg = Debug|Any CPU
		{81E6F4F7-80A6-4842-A555-CF00762E6CD3}.Debug|x86.Build.0 = Debug|Any CPU
		{81E6F4F7-80A6-4842-A555-CF00762E6CD3}.Release|Any CPU.ActiveCfg = Release|Any CPU
		{81E6F4F7-80A6-4842-A555-CF00762E6CD3}.Release|Any CPU.Build.0 = Release|Any CPU
		{81E6F4F7-80A6-4842-A555-CF00762E6CD3}.Release|x64.ActiveCfg = Release|Any CPU
		{81E6F4F7-80A6-4842-A555-CF00762E6CD3}.Release|x64.Build.0 = Release|Any CPU
		{81E6F4F7-80A6-4842-A555-CF00762E6CD3}.Release|x86.ActiveCfg = Release|Any CPU
		{81E6F4F7-80A6-4842-A555-CF00762E6CD3}.Release|x86.Build.0 = Release|Any CPU
		{C8A3C010-D1DD-4D85-B3D6-235889F70685}.Debug|Any CPU.ActiveCfg = Debug|Any CPU
		{C8A3C010-D1DD-4D85-B3D6-235889F70685}.Debug|Any CPU.Build.0 = Debug|Any CPU
		{C8A3C010-D1DD-4D85-B3D6-235889F70685}.Debug|x64.ActiveCfg = Debug|Any CPU
		{C8A3C010-D1DD-4D85-B3D6-235889F70685}.Debug|x64.Build.0 = Debug|Any CPU
		{C8A3C010-D1DD-4D85-B3D6-235889F70685}.Debug|x86.ActiveCfg = Debug|Any CPU
		{C8A3C010-D1DD-4D85-B3D6-235889F70685}.Debug|x86.Build.0 = Debug|Any CPU
		{C8A3C010-D1DD-4D85-B3D6-235889F70685}.Release|Any CPU.ActiveCfg = Release|Any CPU
		{C8A3C010-D1DD-4D85-B3D6-235889F70685}.Release|Any CPU.Build.0 = Release|Any CPU
		{C8A3C010-D1DD-4D85-B3D6-235889F70685}.Release|x64.ActiveCfg = Release|Any CPU
		{C8A3C010-D1DD-4D85-B3D6-235889F70685}.Release|x64.Build.0 = Release|Any CPU
		{C8A3C010-D1DD-4D85-B3D6-235889F70685}.Release|x86.ActiveCfg = Release|Any CPU
		{C8A3C010-D1DD-4D85-B3D6-235889F70685}.Release|x86.Build.0 = Release|Any CPU
	EndGlobalSection
	GlobalSection(SolutionProperties) = preSolution
		HideSolutionNode = FALSE
	EndGlobalSection
	GlobalSection(NestedProjects) = preSolution
		{0E6EAC46-879B-4BF3-A498-F1DAD588B03E} = {5D20AA90-6969-D8BD-9DCD-8634F4692FDA}
		{69A07176-2696-4AC9-AAB8-83B604711FE8} = {0AB3BF05-4346-4AA6-1389-037BE0695223}
		{B72B7424-86E2-47F5-BB7C-4BE53901ABC4} = {0AB3BF05-4346-4AA6-1389-037BE0695223}
		{B5DADD0C-8142-4CF7-AB53-3431A45D8500} = {827E0CD3-B72D-47B6-A68D-7590B98EB39B}
		{AC59D0C5-5988-4368-834A-1FFFB93F681F} = {827E0CD3-B72D-47B6-A68D-7590B98EB39B}
		{1CADCFBA-6C97-47DB-9456-D6E45D7DAA1C} = {827E0CD3-B72D-47B6-A68D-7590B98EB39B}
		{D083DB9E-FD16-4863-A710-4D3D24E44F4D} = {827E0CD3-B72D-47B6-A68D-7590B98EB39B}
		{181BC36F-6460-48EC-A3E3-AD7782D6431F} = {827E0CD3-B72D-47B6-A68D-7590B98EB39B}
		{F771FD03-A915-4393-A63E-AE0E9C9B052F} = {827E0CD3-B72D-47B6-A68D-7590B98EB39B}
		{0AF18A68-758A-48AA-9AD7-131328EAF621} = {827E0CD3-B72D-47B6-A68D-7590B98EB39B}
		{EA7225EB-C724-4BB6-993F-F195591354C2} = {827E0CD3-B72D-47B6-A68D-7590B98EB39B}
		{754ECD03-A6E8-43A8-9C4E-0F2000EACCE4} = {827E0CD3-B72D-47B6-A68D-7590B98EB39B}
		{6369D8B1-B417-4338-A187-C408C01E68A1} = {827E0CD3-B72D-47B6-A68D-7590B98EB39B}
		{C8D0DCBF-130B-4DDF-A251-B365E60B4C25} = {827E0CD3-B72D-47B6-A68D-7590B98EB39B}
		{4F43AF14-1588-4443-B6C1-087F3664DEA6} = {827E0CD3-B72D-47B6-A68D-7590B98EB39B}
		{9379854E-F610-402C-8A79-C830C57E62FC} = {827E0CD3-B72D-47B6-A68D-7590B98EB39B}
		{2F5449BD-BB68-4806-A959-36E20F3289A2} = {827E0CD3-B72D-47B6-A68D-7590B98EB39B}
		{1B9FB11C-68EE-4C4F-ADED-7CA0C7109758} = {827E0CD3-B72D-47B6-A68D-7590B98EB39B}
		{E9C9C223-0A72-47DB-BB73-84E6F7F9F305} = {827E0CD3-B72D-47B6-A68D-7590B98EB39B}
		{AC122011-2836-4B56-8EBF-E32F024C65D1} = {827E0CD3-B72D-47B6-A68D-7590B98EB39B}
		{2F00DA6E-B412-42CC-B86E-65ED3F6A2161} = {0AB3BF05-4346-4AA6-1389-037BE0695223}
		{81E6F4F7-80A6-4842-A555-CF00762E6CD3} = {827E0CD3-B72D-47B6-A68D-7590B98EB39B}
		{C8A3C010-D1DD-4D85-B3D6-235889F70685} = {827E0CD3-B72D-47B6-A68D-7590B98EB39B}
	EndGlobalSection
EndGlobal
